
Microsoft Visual Studio Solution File, Format Version 12.00
# Visual Studio Version 17
VisualStudioVersion = 17.9.34714.143
MinimumVisualStudioVersion = 10.0.40219.1
Project("{FAE04EC0-301F-11D3-BF4B-00C04F79EFBC}") = "MBDRPC", "MBDRPC\MBDRPC.csproj", "{709BDB14-D8FF-4C31-B55C-52A73BEF4D62}"
EndProject
Global
	GlobalSection(SolutionConfigurationPlatforms) = preSolution
		Debug|Any CPU = Debug|Any CPU
		Release|Any CPU = Release|Any CPU
	EndGlobalSection
	GlobalSection(ProjectConfigurationPlatforms) = postSolution
		{709BDB14-D8FF-4C31-B55C-52A73BEF4D62}.Debug|Any CPU.ActiveCfg = Debug|Any CPU
		{709BDB14-D8FF-4C31-B55C-52A73BEF4D62}.Debug|Any CPU.Build.0 = Debug|Any CPU
		{709BDB14-D8FF-4C31-B55C-52A73BEF4D62}.Release|Any CPU.ActiveCfg = Release|Any CPU
		{709BDB14-D8FF-4C31-B55C-52A73BEF4D62}.Release|Any CPU.Build.0 = Release|Any CPU
	EndGlobalSection
	GlobalSection(SolutionProperties) = preSolution
		HideSolutionNode = FALSE
	EndGlobalSection
	GlobalSection(ExtensibilityGlobals) = postSolution
		SolutionGuid = {BB1A6E39-7AA5-48B3-B423-4E12E5A69FCA}
	EndGlobalSection
EndGlobal
